# THIS IS AN AUTOGENERATED FILE. DO NOT EDIT THIS FILE DIRECTLY.
# yarn lockfile v1


"@types/angular-ui-router@^1.1.34":
  version "1.1.40"
  resolved "https://registry.yarnpkg.com/@types/angular-ui-router/-/angular-ui-router-1.1.40.tgz#d8a10fe4af86a069f8c3302946363f1149e5a6b3"
  dependencies:
    "@types/angular" "*"

"@types/angular@*", "@types/angular@^1.5.17":
  version "1.6.39"
  resolved "https://registry.yarnpkg.com/@types/angular/-/angular-1.6.39.tgz#0c34938fc546f360c14817686f2e453ebf22312f"

angular-animate@^1.6.6:
  version "1.6.6"
  resolved "https://registry.yarnpkg.com/angular-animate/-/angular-animate-1.6.6.tgz#6925647b141a040d241bf125040f1a150fcd8a70"

"angular-cookies@>=1.2.26 <1.7":
  version "1.6.6"
  resolved "https://registry.yarnpkg.com/angular-cookies/-/angular-cookies-1.6.6.tgz#311642dafdbc4ff7cd69220b8925b88359fba148"

angular-growl-v2@^0.7.5:
  version "0.7.5"
  resolved "https://registry.yarnpkg.com/angular-growl-v2/-/angular-growl-v2-0.7.5.tgz#57876d511622801948c02e3a95dd96337af6470d"

angular-messages@^1.6.6:
  version "1.6.6"
  resolved "https://registry.yarnpkg.com/angular-messages/-/angular-messages-1.6.6.tgz#a9bb3fc5f971d745cd3a3bdbaabc6f1f4deb13f3"

angular-moment@^1.1.0:
  version "1.1.0"
  resolved "https://registry.yarnpkg.com/angular-moment/-/angular-moment-1.1.0.tgz#9a7c4688151b08ee308623d958d98b0a4f4fb61b"
  dependencies:
    moment ">=2.8.0 <3.0.0"

angular-resource@^1.6.6:
  version "1.6.6"
  resolved "https://registry.yarnpkg.com/angular-resource/-/angular-resource-1.6.6.tgz#430660e969c3e7cf40c5e247e5e690f06d6efc61"

angular-sanitize@^1.6.6:
  version "1.6.6"
  resolved "https://registry.yarnpkg.com/angular-sanitize/-/angular-sanitize-1.6.6.tgz#0fd065a19931517fbece66596d325d72b6e06041"

angular-translate-loader-partial@^2.16.0:
  version "2.16.0"
  resolved "https://registry.yarnpkg.com/angular-translate-loader-partial/-/angular-translate-loader-partial-2.16.0.tgz#fedf9aae4233cf41695abd3411cececf5493397e"
  dependencies:
    angular-translate "~2.16.0"

angular-translate-storage-cookie@~2.16.0:
  version "2.16.0"
  resolved "https://registry.yarnpkg.com/angular-translate-storage-cookie/-/angular-translate-storage-cookie-2.16.0.tgz#a22f84adb0bb6693fe0e740c79f6d74e155bfa65"
  dependencies:
    angular-cookies ">=1.2.26 <1.7"
    angular-translate "~2.16.0"

angular-translate-storage-local@^2.16.0:
  version "2.16.0"
  resolved "https://registry.yarnpkg.com/angular-translate-storage-local/-/angular-translate-storage-local-2.16.0.tgz#4db5f40fa7d5a615eefd5c5ebc6911c02b692d79"
  dependencies:
    angular-translate "~2.16.0"
    angular-translate-storage-cookie "~2.16.0"

angular-translate@^2.16.0, angular-translate@~2.16.0:
  version "2.16.0"
  resolved "https://registry.yarnpkg.com/angular-translate/-/angular-translate-2.16.0.tgz#6b7f84657d6534d25878cc55e6a2a06f7607299f"
  dependencies:
    angular ">=1.2.26 <=1.6"

angular-ui-bootstrap@^2.5.6:
  version "2.5.6"
  resolved "https://registry.yarnpkg.com/angular-ui-bootstrap/-/angular-ui-bootstrap-2.5.6.tgz#23937322ec641a6fbee16498cc32452aa199e7c5"

angular-ui-router-title@^0.1.1:
  version "0.1.1"
  resolved "https://registry.yarnpkg.com/angular-ui-router-title/-/angular-ui-router-title-0.1.1.tgz#9a9fed4e6b9b85794e839a300d1088f7c438caeb"
  dependencies:
    "@types/angular" "^1.5.17"
    "@types/angular-ui-router" "^1.1.34"

angular-ui-router@^0.4.3:
  version "0.4.3"
  resolved "https://registry.yarnpkg.com/angular-ui-router/-/angular-ui-router-0.4.3.tgz#6c29546fe50b8d2f74614dcb8660d6fc40d6e167"
  dependencies:
    angular "^1.0.8"

"angular@>=1.2.26 <=1.6", angular@^1.0.8, angular@^1.6.6:
  version "1.6.6"
  resolved "https://registry.yarnpkg.com/angular/-/angular-1.6.6.tgz#fd5a3cfb437ce382d854ee01120797978527cb64"

jquery@^3.2.1:
  version "3.2.1"
  resolved "https://registry.yarnpkg.com/jquery/-/jquery-3.2.1.tgz#5c4d9de652af6cd0a770154a631bba12b015c787"

"moment@>=2.8.0 <3.0.0":
  version "2.19.1"
  resolved "https://registry.yarnpkg.com/moment/-/moment-2.19.1.tgz#56da1a2d1cbf01d38b7e1afc31c10bcfa1929167"

ngstorage@^0.3.11:
  version "0.3.11"
  resolved "https://registry.yarnpkg.com/ngstorage/-/ngstorage-0.3.11.tgz#1637c45b872d909d9cc7e18b374898d50b2e844f"
